
Microsoft Visual Studio Solution File, Format Version 12.00
# Visual Studio Version 17
VisualStudioVersion = 17.4.33205.214
MinimumVisualStudioVersion = 10.0.40219.1
Project("{9A19103F-16F7-4668-BE54-9A1E7A4F7556}") = "Eliseev.RestEase.HttpMessageHendlerDIExample.Contracts", "Eliseev.RestEase.HttpMessageHendlerDIExample.Contracts\Eliseev.RestEase.HttpMessageHendlerDIExample.Contracts.csproj", "{B84A462A-C530-444C-859E-7FA53033D2B4}"
EndProject
Project("{9A19103F-16F7-4668-BE54-9A1E7A4F7556}") = "Eliseev.RestEase.HttpMessageHendlerDIExample.Server", "Eliseev.RestEase.HttpMessageHendlerDIExample.Server\Eliseev.RestEase.HttpMessageHendlerDIExample.Server.csproj", "{06162CB2-FFCE-4C71-A966-65DAB4B70942}"
EndProject
Project("{9A19103F-16F7-4668-BE54-9A1E7A4F7556}") = "Eliseev.RestEase.HttpMessageHendlerDIExample.Client", "Eliseev.RestEase.HttpMessageHendlerDIExample.Client\Eliseev.RestEase.HttpMessageHendlerDIExample.Client.csproj", "{80D4FC1E-AAF7-4504-872B-0399A75FB455}"
EndProject
Global
	GlobalSection(SolutionConfigurationPlatforms) = preSolution
		Debug|Any CPU = Debug|Any CPU
		Release|Any CPU = Release|Any CPU
	EndGlobalSection
	GlobalSection(ProjectConfigurationPlatforms) = postSolution
		{B84A462A-C530-444C-859E-7FA53033D2B4}.Debug|Any CPU.ActiveCfg = Debug|Any CPU
		{B84A462A-C530-444C-859E-7FA53033D2B4}.Debug|Any CPU.Build.0 = Debug|Any CPU
		{B84A462A-C530-444C-859E-7FA53033D2B4}.Release|Any CPU.ActiveCfg = Release|Any CPU
		{B84A462A-C530-444C-859E-7FA53033D2B4}.Release|Any CPU.Build.0 = Release|Any CPU
		{06162CB2-FFCE-4C71-A966-65DAB4B70942}.Debug|Any CPU.ActiveCfg = Debug|Any CPU
		{06162CB2-FFCE-4C71-A966-65DAB4B70942}.Debug|Any CPU.Build.0 = Debug|Any CPU
		{06162CB2-FFCE-4C71-A966-65DAB4B70942}.Release|Any CPU.ActiveCfg = Release|Any CPU
		{06162CB2-FFCE-4C71-A966-65DAB4B70942}.Release|Any CPU.Build.0 = Release|Any CPU
		{80D4FC1E-AAF7-4504-872B-0399A75FB455}.Debug|Any CPU.ActiveCfg = Debug|Any CPU
		{80D4FC1E-AAF7-4504-872B-0399A75FB455}.Debug|Any CPU.Build.0 = Debug|Any CPU
		{80D4FC1E-AAF7-4504-872B-0399A75FB455}.Release|Any CPU.ActiveCfg = Release|Any CPU
		{80D4FC1E-AAF7-4504-872B-0399A75FB455}.Release|Any CPU.Build.0 = Release|Any CPU
	EndGlobalSection
	GlobalSection(SolutionProperties) = preSolution
		HideSolutionNode = FALSE
	EndGlobalSection
	GlobalSection(ExtensibilityGlobals) = postSolution
		SolutionGuid = {AF168439-B6D9-40AC-96F9-EE7387682B84}
	EndGlobalSection
EndGlobal
